{
  "version": 4,
  "terraform_version": "1.14.9",
  "serial": 10,
  "lineage": "2bfb978b-4b02-c42e-aa1e-c9ecb28f725b",
  "outputs": {
    "connection_name": {
      "value": "project-0f0aa45c-bb59-45f2-9dc:us-central1:connect-ph-db-instance",
      "type": "string"
    },
    "connection_string": {
      "value": "postgresql://connect_ph_user:ChangeMe123!@:5432/connect_ph_prod?sslmode=require",
      "type": "string",
      "sensitive": true
    },
    "database_name": {
      "value": "connect_ph_prod",
      "type": "string"
    },
    "instance_name": {
      "value": "connect-ph-db-instance",
      "type": "string"
    },
    "private_ip": {
      "value": "",
      "type": "string"
    },
    "username": {
      "value": "connect_ph_user",
      "type": "string"
    }
  },
  "resources": [
    {
      "mode": "managed",
      "type": "google_project_iam_member",
      "name": "cloudsql_iam",
      "provider": "provider[\"registry.terraform.io/hashicorp/google\"]",
      "instances": [
        {
          "index_key": "roles/cloudsql.client",
          "schema_version": 0,
          "attributes": {
            "condition": [],
            "etag": "BwZP8KqSMpg=",
            "id": "project-0f0aa45c-bb59-45f2-9dc/roles/cloudsql.client/serviceAccount:cloudsql-proxy-sa@project-0f0aa45c-bb59-45f2-9dc.iam.gserviceaccount.com",
            "member": "serviceAccount:cloudsql-proxy-sa@project-0f0aa45c-bb59-45f2-9dc.iam.gserviceaccount.com",
            "project": "project-0f0aa45c-bb59-45f2-9dc",
            "role": "roles/cloudsql.client"
          },
          "sensitive_attributes": [],
          "identity_schema_version": 0,
          "private": "bnVsbA==",
          "dependencies": [
            "google_service_account.cloudsql_sa"
          ]
        }
      ]
    },
    {
      "mode": "managed",
      "type": "google_service_account",
      "name": "cloudsql_sa",
      "provider": "provider[\"registry.terraform.io/hashicorp/google\"]",
      "instances": [
        {
          "schema_version": 0,
          "attributes": {
            "account_id": "cloudsql-proxy-sa",
            "create_ignore_already_exists": null,
            "description": "",
            "disabled": false,
            "display_name": "Cloud SQL Proxy Service Account",
            "email": "cloudsql-proxy-sa@project-0f0aa45c-bb59-45f2-9dc.iam.gserviceaccount.com",
            "id": "projects/project-0f0aa45c-bb59-45f2-9dc/serviceAccounts/cloudsql-proxy-sa@project-0f0aa45c-bb59-45f2-9dc.iam.gserviceaccount.com",
            "member": "serviceAccount:cloudsql-proxy-sa@project-0f0aa45c-bb59-45f2-9dc.iam.gserviceaccount.com",
            "name": "projects/project-0f0aa45c-bb59-45f2-9dc/serviceAccounts/cloudsql-proxy-sa@project-0f0aa45c-bb59-45f2-9dc.iam.gserviceaccount.com",
            "project": "project-0f0aa45c-bb59-45f2-9dc",
            "timeouts": null,
            "unique_id": "116829917499690600881"
          },
          "sensitive_attributes": [],
          "identity_schema_version": 0,
          "private": "eyJlMmJmYjczMC1lY2FhLTExZTYtOGY4OC0zNDM2M2JjN2M0YzAiOnsiY3JlYXRlIjozMDAwMDAwMDAwMDB9fQ=="
        }
      ]
    },
    {
      "mode": "managed",
      "type": "google_sql_database",
      "name": "main",
      "provider": "provider[\"registry.terraform.io/hashicorp/google\"]",
      "instances": [
        {
          "schema_version": 0,
          "attributes": {
            "charset": "UTF8",
            "collation": "en_US.UTF8",
            "deletion_policy": "DELETE",
            "id": "projects/project-0f0aa45c-bb59-45f2-9dc/instances/connect-ph-db-instance/databases/connect_ph_prod",
            "instance": "connect-ph-db-instance",
            "name": "connect_ph_prod",
            "project": "project-0f0aa45c-bb59-45f2-9dc",
            "self_link": "https://sqladmin.googleapis.com/sql/v1beta4/projects/project-0f0aa45c-bb59-45f2-9dc/instances/connect-ph-db-instance/databases/connect_ph_prod",
            "timeouts": null
          },
          "sensitive_attributes": [],
          "identity_schema_version": 0,
          "private": "eyJlMmJmYjczMC1lY2FhLTExZTYtOGY4OC0zNDM2M2JjN2M0YzAiOnsiY3JlYXRlIjoxMjAwMDAwMDAwMDAwLCJkZWxldGUiOjEyMDAwMDAwMDAwMDAsInVwZGF0ZSI6MTIwMDAwMDAwMDAwMH19",
          "dependencies": [
            "google_sql_database_instance.main"
          ]
        }
      ]
    },
    {
      "mode": "managed",
      "type": "google_sql_database_instance",
      "name": "main",
      "provider": "provider[\"registry.terraform.io/hashicorp/google\"]",
      "instances": [
        {
          "schema_version": 0,
          "attributes": {
            "available_maintenance_versions": [],
            "clone": [],
            "connection_name": "project-0f0aa45c-bb59-45f2-9dc:us-central1:connect-ph-db-instance",
            "database_version": "POSTGRES_15",
            "deletion_protection": false,
            "dns_name": "",
            "encryption_key_name": null,
            "first_ip_address": "34.10.236.72",
            "id": "connect-ph-db-instance",
            "instance_type": "CLOUD_SQL_INSTANCE",
            "ip_address": [
              {
                "ip_address": "34.10.236.72",
                "time_to_retire": "",
                "type": "PRIMARY"
              },
              {
                "ip_address": "136.119.167.84",
                "time_to_retire": "",
                "type": "OUTGOING"
              }
            ],
            "maintenance_version": "POSTGRES_15_17.R20260319.00_02",
            "master_instance_name": "",
            "name": "connect-ph-db-instance",
            "private_ip_address": "",
            "project": "project-0f0aa45c-bb59-45f2-9dc",
            "psc_service_attachment_link": "",
            "public_ip_address": "34.10.236.72",
            "region": "us-central1",
            "replica_configuration": [],
            "restore_backup_context": [],
            "root_password": null,
            "self_link": "https://sqladmin.googleapis.com/sql/v1beta4/projects/project-0f0aa45c-bb59-45f2-9dc/instances/connect-ph-db-instance",
            "server_ca_cert": [
              {
                "cert": "-----BEGIN CERTIFICATE-----\nMIIDcTCCAlmgAwIBAgIBADANBgkqhkiG9w0BAQsFADBwMS0wKwYDVQQuEyRlNGVh\nZjQ4YS02NTYyLTRlZjAtODVmZC00YTU1OWVhODVmZGIxHDAaBgNVBAMTE0Nsb3Vk\nIFNRTCBTZXJ2ZXIgQ0ExFDASBgNVBAoTC0dvb2dsZSwgSW5jMQswCQYDVQQGEwJV\nUzAeFw0yNjA0MjEwNDE2MzdaFw0zNjA0MTgwNDE3MzdaMHAxLTArBgNVBC4TJGU0\nZWFmNDhhLTY1NjItNGVmMC04NWZkLTRhNTU5ZWE4NWZkYjEcMBoGA1UEAxMTQ2xv\ndWQgU1FMIFNlcnZlciBDQTEUMBIGA1UEChMLR29vZ2xlLCBJbmMxCzAJBgNVBAYT\nAlVTMIIBIjANBgkqhkiG9w0BAQEFAAOCAQ8AMIIBCgKCAQEAtXdCpims9YAAVQA6\nPXWCu1l3PV9nqr7UowZdJfrez8mgenGqAQ1ugxHISSdBJogSB/He/ECgI36N+pDF\naoDbVRJpwCHjvRUo6+KrNXIkyJd6r7bVdXK39XVJ4eUKiu/FucJbB9kjU5Qg5OA/\nBdNHTm8Y6nkAB3nim3ADJh01kISOWDXMCrYXk3QcNHd2zYG+6O3v3RAxC/3XfXka\nGSmeV6kzh/9oHMHMHL5lwIVWJbsdVQt6tTTwrh1aoCvGRX9Rgkfzo6+7h8GVBCAf\nSb9pguJyguYa34TQmTrpBTLLafM0esx5vHjfVcyjLf7+SrHfl6dj8rA1koPNhqBB\nekKhAQIDAQABoxYwFDASBgNVHRMBAf8ECDAGAQH/AgEAMA0GCSqGSIb3DQEBCwUA\nA4IBAQCC1MtOEv06RiYLaUzafsaYU6HJ6UH5Uov79yzznIgo3fgJWmdVf7yxK6Xm\nkUfsXiizw26fQ/PSF20DnlQLz/evVGVlNB/nupKTD8giRLMgyb7HWuq+1GlJQJee\ntyB2FhIlryyf7sXxLfD+7QPBvtcxLkEsgAfcTwY88Sz5GbnC8l7AhKwJGh/uhNpU\nX0oOk1TfKbk8bEhBiuG/oELpOpn3Tt3f73CQQUHel6ioeKKD1f5vBQl0sb8Sb7q/\nMAvtunaMDIx44M7iU41lNaw6GTz0e4jgWwnuOinfVlXIABj4oCJC/qioA5xdyzD9\nGWCZWtpKOmCok0OCanHhomXKu0WJ\n-----END CERTIFICATE-----",
                "common_name": "C=US,O=Google\\, Inc,CN=Cloud SQL Server CA,dnQualifier=e4eaf48a-6562-4ef0-85fd-4a559ea85fdb",
                "create_time": "2026-04-21T04:16:37.789Z",
                "expiration_time": "2036-04-18T04:17:37.789Z",
                "sha1_fingerprint": "ec8f84cee9f3c00ee7973621d8743a08a602b217"
              }
            ],
            "service_account_email_address": "p939729604301-ud525g@gcp-sa-cloud-sql.iam.gserviceaccount.com",
            "settings": [
              {
                "activation_policy": "ALWAYS",
                "active_directory_config": [],
                "advanced_machine_features": [],
                "availability_type": "ZONAL",
                "backup_configuration": [
                  {
                    "backup_retention_settings": [
                      {
                        "retained_backups": 3,
                        "retention_unit": "COUNT"
                      }
                    ],
                    "binary_log_enabled": false,
                    "enabled": true,
                    "location": "us",
                    "point_in_time_recovery_enabled": false,
                    "start_time": "03:00",
                    "transaction_log_retention_days": 7
                  }
                ],
                "collation": "",
                "connector_enforcement": "NOT_REQUIRED",
                "data_cache_config": [],
                "database_flags": [
                  {
                    "name": "max_connections",
                    "value": "50"
                  }
                ],
                "deletion_protection_enabled": false,
                "deny_maintenance_period": [],
                "disk_autoresize": true,
                "disk_autoresize_limit": 0,
                "disk_size": 10,
                "disk_type": "PD_SSD",
                "edition": "ENTERPRISE",
                "enable_dataplex_integration": false,
                "enable_google_ml_integration": false,
                "insights_config": [],
                "ip_configuration": [
                  {
                    "allocated_ip_range": "",
                    "authorized_networks": [],
                    "enable_private_path_for_google_cloud_services": false,
                    "ipv4_enabled": true,
                    "private_network": "",
                    "psc_config": [],
                    "require_ssl": false,
                    "server_ca_mode": "GOOGLE_MANAGED_INTERNAL_CA",
                    "ssl_mode": ""
                  }
                ],
                "location_preference": [
                  {
                    "follow_gae_application": "",
                    "secondary_zone": "",
                    "zone": "us-central1-f"
                  }
                ],
                "maintenance_window": [
                  {
                    "day": 7,
                    "hour": 4,
                    "update_track": ""
                  }
                ],
                "password_validation_policy": [],
                "pricing_plan": "PER_USE",
                "sql_server_audit_config": [],
                "tier": "db-g1-small",
                "time_zone": "",
                "user_labels": {},
                "version": 1
              }
            ],
            "timeouts": null
          },
          "sensitive_attributes": [
            [
              {
                "type": "get_attr",
                "value": "root_password"
              }
            ],
            [
              {
                "type": "get_attr",
                "value": "server_ca_cert"
              }
            ]
          ],
          "identity_schema_version": 0,
          "private": "eyJlMmJmYjczMC1lY2FhLTExZTYtOGY4OC0zNDM2M2JjN2M0YzAiOnsiY3JlYXRlIjo1NDAwMDAwMDAwMDAwLCJkZWxldGUiOjU0MDAwMDAwMDAwMDAsInVwZGF0ZSI6NTQwMDAwMDAwMDAwMH19"
        }
      ]
    },
    {
      "mode": "managed",
      "type": "google_sql_user",
      "name": "app",
      "provider": "provider[\"registry.terraform.io/hashicorp/google\"]",
      "instances": [
        {
          "schema_version": 1,
          "attributes": {
            "deletion_policy": null,
            "host": "",
            "id": "connect_ph_user//connect-ph-db-instance",
            "instance": "connect-ph-db-instance",
            "name": "connect_ph_user",
            "password": "ChangeMe123!",
            "password_policy": [],
            "project": "project-0f0aa45c-bb59-45f2-9dc",
            "sql_server_user_details": [],
            "timeouts": null,
            "type": ""
          },
          "sensitive_attributes": [
            [
              {
                "type": "get_attr",
                "value": "password"
              }
            ]
          ],
          "identity_schema_version": 0,
          "private": "eyJlMmJmYjczMC1lY2FhLTExZTYtOGY4OC0zNDM2M2JjN2M0YzAiOnsiY3JlYXRlIjo2MDAwMDAwMDAwMDAsImRlbGV0ZSI6NjAwMDAwMDAwMDAwLCJ1cGRhdGUiOjYwMDAwMDAwMDAwMH0sInNjaGVtYV92ZXJzaW9uIjoiMSJ9",
          "dependencies": [
            "google_sql_database_instance.main"
          ]
        }
      ]
    }
  ],
  "check_results": null
}
