{
  "version": 4,
  "terraform_version": "1.14.9",
  "serial": 27,
  "lineage": "194558b8-19f2-81b0-96aa-f06de07d65e4",
  "outputs": {
    "backend_service": {
      "value": "projects/project-0f0aa45c-bb59-45f2-9dc/global/backendServices/livekit-backend",
      "type": "string"
    },
    "instances": {
      "value": "https://www.googleapis.com/compute/v1/projects/project-0f0aa45c-bb59-45f2-9dc/regions/us-central1/instanceGroups/livekit-mig",
      "type": "string"
    },
    "livekit_lb_ip": {
      "value": "136.110.167.210",
      "type": "string"
    },
    "redis_host": {
      "value": "10.232.97.91",
      "type": "string"
    },
    "redis_port": {
      "value": 6379,
      "type": "number"
    }
  },
  "resources": [
    {
      "mode": "managed",
      "type": "google_compute_backend_service",
      "name": "livekit_backend",
      "provider": "provider[\"registry.terraform.io/hashicorp/google\"]",
      "instances": [
        {
          "schema_version": 1,
          "attributes": {
            "affinity_cookie_ttl_sec": 0,
            "backend": [
              {
                "balancing_mode": "UTILIZATION",
                "capacity_scaler": 1,
                "description": "",
                "group": "https://www.googleapis.com/compute/v1/projects/project-0f0aa45c-bb59-45f2-9dc/regions/us-central1/instanceGroups/livekit-mig",
                "max_connections": 0,
                "max_connections_per_endpoint": 0,
                "max_connections_per_instance": 0,
                "max_rate": 0,
                "max_rate_per_endpoint": 0,
                "max_rate_per_instance": 0,
                "max_utilization": 0.8
              }
            ],
            "cdn_policy": [],
            "circuit_breakers": [],
            "compression_mode": "",
            "connection_draining_timeout_sec": 300,
            "consistent_hash": [],
            "creation_timestamp": "2026-04-20T21:29:30.733-07:00",
            "custom_request_headers": [],
            "custom_response_headers": [],
            "description": "",
            "edge_security_policy": "",
            "enable_cdn": false,
            "fingerprint": "VuP7MBNw0DY=",
            "generated_id": 4102245459304334277,
            "health_checks": [
              "https://www.googleapis.com/compute/v1/projects/project-0f0aa45c-bb59-45f2-9dc/global/healthChecks/livekit-tcp-health"
            ],
            "iap": [],
            "id": "projects/project-0f0aa45c-bb59-45f2-9dc/global/backendServices/livekit-backend",
            "load_balancing_scheme": "EXTERNAL",
            "locality_lb_policies": [],
            "locality_lb_policy": "",
            "log_config": [],
            "name": "livekit-backend",
            "outlier_detection": [],
            "port_name": "livekit-tcp",
            "project": "project-0f0aa45c-bb59-45f2-9dc",
            "protocol": "TCP",
            "security_policy": "",
            "security_settings": [],
            "self_link": "https://www.googleapis.com/compute/v1/projects/project-0f0aa45c-bb59-45f2-9dc/global/backendServices/livekit-backend",
            "service_lb_policy": "",
            "session_affinity": "NONE",
            "timeout_sec": 3600,
            "timeouts": null
          },
          "sensitive_attributes": [],
          "identity_schema_version": 0,
          "private": "eyJlMmJmYjczMC1lY2FhLTExZTYtOGY4OC0zNDM2M2JjN2M0YzAiOnsiY3JlYXRlIjoxMjAwMDAwMDAwMDAwLCJkZWxldGUiOjEyMDAwMDAwMDAwMDAsInVwZGF0ZSI6MTIwMDAwMDAwMDAwMH0sInNjaGVtYV92ZXJzaW9uIjoiMSJ9",
          "dependencies": [
            "google_compute_health_check.livekit_tcp_health",
            "google_compute_instance_template.livekit_node",
            "google_compute_network.livekit_vpc",
            "google_compute_region_instance_group_manager.livekit_mig",
            "google_compute_subnetwork.livekit_subnet",
            "google_redis_instance.livekit_redis",
            "google_service_account.livekit_sa"
          ]
        }
      ]
    },
    {
      "mode": "managed",
      "type": "google_compute_firewall",
      "name": "allow_health_checks",
      "provider": "provider[\"registry.terraform.io/hashicorp/google\"]",
      "instances": [
        {
          "schema_version": 1,
          "attributes": {
            "allow": [
              {
                "ports": [
                  "8080"
                ],
                "protocol": "tcp"
              }
            ],
            "creation_timestamp": "2026-04-20T21:23:10.018-07:00",
            "deny": [],
            "description": "Allow health checks from GCP",
            "destination_ranges": [],
            "direction": "INGRESS",
            "disabled": false,
            "enable_logging": null,
            "id": "projects/project-0f0aa45c-bb59-45f2-9dc/global/firewalls/allow-health-checks",
            "log_config": [],
            "name": "allow-health-checks",
            "network": "https://www.googleapis.com/compute/v1/projects/project-0f0aa45c-bb59-45f2-9dc/global/networks/livekit-vpc",
            "priority": 1000,
            "project": "project-0f0aa45c-bb59-45f2-9dc",
            "self_link": "https://www.googleapis.com/compute/v1/projects/project-0f0aa45c-bb59-45f2-9dc/global/firewalls/allow-health-checks",
            "source_ranges": [
              "130.211.0.0/22",
              "35.191.0.0/16"
            ],
            "source_service_accounts": [],
            "source_tags": [],
            "target_service_accounts": [],
            "target_tags": [
              "livekit-node"
            ],
            "timeouts": null
          },
          "sensitive_attributes": [],
          "identity_schema_version": 0,
          "private": "eyJlMmJmYjczMC1lY2FhLTExZTYtOGY4OC0zNDM2M2JjN2M0YzAiOnsiY3JlYXRlIjoxMjAwMDAwMDAwMDAwLCJkZWxldGUiOjEyMDAwMDAwMDAwMDAsInVwZGF0ZSI6MTIwMDAwMDAwMDAwMH0sInNjaGVtYV92ZXJzaW9uIjoiMSJ9",
          "dependencies": [
            "google_compute_network.livekit_vpc"
          ]
        }
      ]
    },
    {
      "mode": "managed",
      "type": "google_compute_firewall",
      "name": "allow_livekit_tcp",
      "provider": "provider[\"registry.terraform.io/hashicorp/google\"]",
      "instances": [
        {
          "schema_version": 1,
          "attributes": {
            "allow": [
              {
                "ports": [
                  "7880"
                ],
                "protocol": "tcp"
              }
            ],
            "creation_timestamp": "2026-04-20T21:23:10.186-07:00",
            "deny": [],
            "description": "Allow TCP traffic from Load Balancer to LiveKit nodes",
            "destination_ranges": [],
            "direction": "INGRESS",
            "disabled": false,
            "enable_logging": null,
            "id": "projects/project-0f0aa45c-bb59-45f2-9dc/global/firewalls/allow-livekit-tcp",
            "log_config": [],
            "name": "allow-livekit-tcp",
            "network": "https://www.googleapis.com/compute/v1/projects/project-0f0aa45c-bb59-45f2-9dc/global/networks/livekit-vpc",
            "priority": 1000,
            "project": "project-0f0aa45c-bb59-45f2-9dc",
            "self_link": "https://www.googleapis.com/compute/v1/projects/project-0f0aa45c-bb59-45f2-9dc/global/firewalls/allow-livekit-tcp",
            "source_ranges": [
              "130.211.0.0/22",
              "35.191.0.0/16"
            ],
            "source_service_accounts": [],
            "source_tags": [],
            "target_service_accounts": [],
            "target_tags": [
              "livekit-node"
            ],
            "timeouts": null
          },
          "sensitive_attributes": [],
          "identity_schema_version": 0,
          "private": "eyJlMmJmYjczMC1lY2FhLTExZTYtOGY4OC0zNDM2M2JjN2M0YzAiOnsiY3JlYXRlIjoxMjAwMDAwMDAwMDAwLCJkZWxldGUiOjEyMDAwMDAwMDAwMDAsInVwZGF0ZSI6MTIwMDAwMDAwMDAwMH0sInNjaGVtYV92ZXJzaW9uIjoiMSJ9",
          "dependencies": [
            "google_compute_network.livekit_vpc"
          ]
        }
      ]
    },
    {
      "mode": "managed",
      "type": "google_compute_firewall",
      "name": "allow_livekit_udp",
      "provider": "provider[\"registry.terraform.io/hashicorp/google\"]",
      "instances": [
        {
          "schema_version": 1,
          "attributes": {
            "allow": [
              {
                "ports": [
                  "50000-60000"
                ],
                "protocol": "udp"
              }
            ],
            "creation_timestamp": "2026-04-20T21:23:10.175-07:00",
            "deny": [],
            "description": "Allow UDP traffic for video/audio (50000-60000)",
            "destination_ranges": [],
            "direction": "INGRESS",
            "disabled": false,
            "enable_logging": null,
            "id": "projects/project-0f0aa45c-bb59-45f2-9dc/global/firewalls/allow-livekit-udp",
            "log_config": [],
            "name": "allow-livekit-udp",
            "network": "https://www.googleapis.com/compute/v1/projects/project-0f0aa45c-bb59-45f2-9dc/global/networks/livekit-vpc",
            "priority": 1000,
            "project": "project-0f0aa45c-bb59-45f2-9dc",
            "self_link": "https://www.googleapis.com/compute/v1/projects/project-0f0aa45c-bb59-45f2-9dc/global/firewalls/allow-livekit-udp",
            "source_ranges": [
              "0.0.0.0/0"
            ],
            "source_service_accounts": [],
            "source_tags": [],
            "target_service_accounts": [],
            "target_tags": [
              "livekit-node"
            ],
            "timeouts": null
          },
          "sensitive_attributes": [],
          "identity_schema_version": 0,
          "private": "eyJlMmJmYjczMC1lY2FhLTExZTYtOGY4OC0zNDM2M2JjN2M0YzAiOnsiY3JlYXRlIjoxMjAwMDAwMDAwMDAwLCJkZWxldGUiOjEyMDAwMDAwMDAwMDAsInVwZGF0ZSI6MTIwMDAwMDAwMDAwMH0sInNjaGVtYV92ZXJzaW9uIjoiMSJ9",
          "dependencies": [
            "google_compute_network.livekit_vpc"
          ]
        }
      ]
    },
    {
      "mode": "managed",
      "type": "google_compute_global_address",
      "name": "livekit_lb_ip",
      "provider": "provider[\"registry.terraform.io/hashicorp/google\"]",
      "instances": [
        {
          "schema_version": 0,
          "attributes": {
            "address": "136.110.167.210",
            "address_type": "EXTERNAL",
            "creation_timestamp": "2026-04-20T21:33:40.022-07:00",
            "description": "",
            "effective_labels": {},
            "id": "projects/project-0f0aa45c-bb59-45f2-9dc/global/addresses/livekit-lb-ip",
            "ip_version": "",
            "label_fingerprint": "42WmSpB8rSM=",
            "labels": {},
            "name": "livekit-lb-ip",
            "network": "",
            "prefix_length": 0,
            "project": "project-0f0aa45c-bb59-45f2-9dc",
            "purpose": "",
            "self_link": "https://www.googleapis.com/compute/v1/projects/project-0f0aa45c-bb59-45f2-9dc/global/addresses/livekit-lb-ip",
            "terraform_labels": {},
            "timeouts": null
          },
          "sensitive_attributes": [],
          "identity_schema_version": 0,
          "private": "eyJlMmJmYjczMC1lY2FhLTExZTYtOGY4OC0zNDM2M2JjN2M0YzAiOnsiY3JlYXRlIjoxMjAwMDAwMDAwMDAwLCJkZWxldGUiOjEyMDAwMDAwMDAwMDAsInVwZGF0ZSI6MTIwMDAwMDAwMDAwMH19"
        }
      ]
    },
    {
      "mode": "managed",
      "type": "google_compute_global_forwarding_rule",
      "name": "livekit_tcp",
      "provider": "provider[\"registry.terraform.io/hashicorp/google\"]",
      "instances": [
        {
          "schema_version": 0,
          "attributes": {
            "base_forwarding_rule": "",
            "description": "",
            "effective_labels": {},
            "id": "projects/project-0f0aa45c-bb59-45f2-9dc/global/forwardingRules/livekit-tcp-forwarding",
            "ip_address": "136.110.167.210",
            "ip_protocol": "TCP",
            "ip_version": "",
            "label_fingerprint": "42WmSpB8rSM=",
            "labels": {},
            "load_balancing_scheme": "EXTERNAL",
            "metadata_filters": [],
            "name": "livekit-tcp-forwarding",
            "network": "",
            "no_automate_dns_zone": null,
            "port_range": "7880-7880",
            "project": "project-0f0aa45c-bb59-45f2-9dc",
            "psc_connection_id": "",
            "psc_connection_status": "",
            "self_link": "https://www.googleapis.com/compute/v1/projects/project-0f0aa45c-bb59-45f2-9dc/global/forwardingRules/livekit-tcp-forwarding",
            "service_directory_registrations": [],
            "source_ip_ranges": [],
            "subnetwork": "",
            "target": "https://www.googleapis.com/compute/v1/projects/project-0f0aa45c-bb59-45f2-9dc/global/targetTcpProxies/livekit-tcp-proxy",
            "terraform_labels": {},
            "timeouts": null
          },
          "sensitive_attributes": [],
          "identity_schema_version": 0,
          "private": "eyJlMmJmYjczMC1lY2FhLTExZTYtOGY4OC0zNDM2M2JjN2M0YzAiOnsiY3JlYXRlIjoxMjAwMDAwMDAwMDAwLCJkZWxldGUiOjEyMDAwMDAwMDAwMDAsInVwZGF0ZSI6MTIwMDAwMDAwMDAwMH19",
          "dependencies": [
            "google_compute_backend_service.livekit_backend",
            "google_compute_global_address.livekit_lb_ip",
            "google_compute_health_check.livekit_tcp_health",
            "google_compute_instance_template.livekit_node",
            "google_compute_network.livekit_vpc",
            "google_compute_region_instance_group_manager.livekit_mig",
            "google_compute_subnetwork.livekit_subnet",
            "google_compute_target_tcp_proxy.livekit_proxy",
            "google_redis_instance.livekit_redis",
            "google_service_account.livekit_sa"
          ]
        }
      ]
    },
    {
      "mode": "managed",
      "type": "google_compute_health_check",
      "name": "livekit_health_check",
      "provider": "provider[\"registry.terraform.io/hashicorp/google\"]",
      "instances": [
        {
          "schema_version": 0,
          "attributes": {
            "check_interval_sec": 30,
            "creation_timestamp": "2026-04-20T21:22:49.410-07:00",
            "description": "",
            "grpc_health_check": [],
            "healthy_threshold": 2,
            "http2_health_check": [],
            "http_health_check": [],
            "https_health_check": [],
            "id": "projects/project-0f0aa45c-bb59-45f2-9dc/global/healthChecks/livekit-health-check",
            "log_config": [
              {
                "enable": false
              }
            ],
            "name": "livekit-health-check",
            "project": "project-0f0aa45c-bb59-45f2-9dc",
            "self_link": "https://www.googleapis.com/compute/v1/projects/project-0f0aa45c-bb59-45f2-9dc/global/healthChecks/livekit-health-check",
            "source_regions": [],
            "ssl_health_check": [],
            "tcp_health_check": [
              {
                "port": 7880,
                "port_name": "livekit-tcp",
                "port_specification": "",
                "proxy_header": "NONE",
                "request": "GET /health HTTP/1.0\r\n\r\n",
                "response": "200"
              }
            ],
            "timeout_sec": 10,
            "timeouts": null,
            "type": "TCP",
            "unhealthy_threshold": 3
          },
          "sensitive_attributes": [],
          "identity_schema_version": 0,
          "private": "eyJlMmJmYjczMC1lY2FhLTExZTYtOGY4OC0zNDM2M2JjN2M0YzAiOnsiY3JlYXRlIjoxMjAwMDAwMDAwMDAwLCJkZWxldGUiOjEyMDAwMDAwMDAwMDAsInVwZGF0ZSI6MTIwMDAwMDAwMDAwMH19"
        }
      ]
    },
    {
      "mode": "managed",
      "type": "google_compute_health_check",
      "name": "livekit_tcp_health",
      "provider": "provider[\"registry.terraform.io/hashicorp/google\"]",
      "instances": [
        {
          "schema_version": 0,
          "attributes": {
            "check_interval_sec": 30,
            "creation_timestamp": "2026-04-20T21:22:48.778-07:00",
            "description": "",
            "grpc_health_check": [],
            "healthy_threshold": 2,
            "http2_health_check": [],
            "http_health_check": [],
            "https_health_check": [],
            "id": "projects/project-0f0aa45c-bb59-45f2-9dc/global/healthChecks/livekit-tcp-health",
            "log_config": [
              {
                "enable": false
              }
            ],
            "name": "livekit-tcp-health",
            "project": "project-0f0aa45c-bb59-45f2-9dc",
            "self_link": "https://www.googleapis.com/compute/v1/projects/project-0f0aa45c-bb59-45f2-9dc/global/healthChecks/livekit-tcp-health",
            "source_regions": [],
            "ssl_health_check": [],
            "tcp_health_check": [
              {
                "port": 7880,
                "port_name": "",
                "port_specification": "",
                "proxy_header": "NONE",
                "request": "",
                "response": ""
              }
            ],
            "timeout_sec": 10,
            "timeouts": null,
            "type": "TCP",
            "unhealthy_threshold": 3
          },
          "sensitive_attributes": [],
          "identity_schema_version": 0,
          "private": "eyJlMmJmYjczMC1lY2FhLTExZTYtOGY4OC0zNDM2M2JjN2M0YzAiOnsiY3JlYXRlIjoxMjAwMDAwMDAwMDAwLCJkZWxldGUiOjEyMDAwMDAwMDAwMDAsInVwZGF0ZSI6MTIwMDAwMDAwMDAwMH19"
        }
      ]
    },
    {
      "mode": "managed",
      "type": "google_compute_instance_template",
      "name": "livekit_node",
      "provider": "provider[\"registry.terraform.io/hashicorp/google\"]",
      "instances": [
        {
          "schema_version": 1,
          "attributes": {
            "advanced_machine_features": [],
            "can_ip_forward": false,
            "confidential_instance_config": [],
            "description": "",
            "disk": [
              {
                "auto_delete": true,
                "boot": true,
                "device_name": "persistent-disk-0",
                "disk_encryption_key": [],
                "disk_name": "",
                "disk_size_gb": 20,
                "disk_type": "pd-standard",
                "interface": "SCSI",
                "labels": {},
                "mode": "READ_WRITE",
                "provisioned_iops": 0,
                "resource_manager_tags": {},
                "resource_policies": [],
                "source": "",
                "source_image": "projects/ubuntu-os-cloud/global/images/family/ubuntu-2204-lts",
                "source_image_encryption_key": [],
                "source_snapshot": "",
                "source_snapshot_encryption_key": [],
                "type": "PERSISTENT"
              }
            ],
            "effective_labels": {
              "cluster": "connect-ph",
              "environment": "testing",
              "purpose": "livekit-node"
            },
            "guest_accelerator": [],
            "id": "projects/project-0f0aa45c-bb59-45f2-9dc/global/instanceTemplates/livekit-node-20260421042855888700000001",
            "instance_description": "",
            "labels": {
              "cluster": "connect-ph",
              "environment": "testing",
              "purpose": "livekit-node"
            },
            "machine_type": "e2-small",
            "metadata": {
              "ssh-keys": ""
            },
            "metadata_fingerprint": "gObIcHUz_Ug=",
            "metadata_startup_script": "#!/bin/bash\nset -e\n\napt-get update \u0026\u0026 apt-get upgrade -y\n\n# Instalar Docker\napt-get install -y apt-transport-https ca-certificates curl gnupg lsb-release\ncurl -fsSL https://download.docker.com/linux/ubuntu/gpg | gpg --dearmor -o /usr/share/keyrings/docker-archive-keyring.gpg\necho \"deb [arch=amd64 signed-by=/usr/share/keyrings/docker-archive-keyring.gpg] https://download.docker.com/linux/ubuntu $(lsb_release -cs) stable\" | tee /etc/apt/sources.list.d/docker.list \u003e /dev/null\napt-get update\napt-get install -y docker-ce docker-ce-cli containerd.io docker-compose-plugin\n\n# Descargar LiveKit binary\ncurl -sSL https://get.livekit.io/cli | bash\nmv livekit /usr/local/bin/\n\n# Configurar LiveKit\ncat \u003e /etc/livekit.yml \u003c\u003c LIVEKIT\nport: 7880\nudp_port: 50000-60000\nredis:\n  address: \"10.232.97.91:6379\"\n  password: \"\"\n  prefix: \"livekit-cluster\"\nnode_id: \"livekit-node-\\$(hostname)\"\nroom_auto_delete_delay: 300\nlog_level: info\nprometheus:\n  enable: true\n  listen: \":9090\"\nLIVEKIT\n\n# Ajustar ulimit\ncat \u003e /etc/security/limits.d/99-livekit.conf \u003c\u003c LIMIT\n*               soft    nofile          65535\n*               hard    nofile          65535\nroot            soft    nofile          65535\nroot            hard    nofile          65535\nLIMIT\n\n# Systemd service\ncat \u003e /etc/systemd/system/livekit.service \u003c\u003c SERVICE\n[Unit]\nDescription=LiveKit Server\nAfter=network.target\n\n[Service]\nType=simple\nUser=root\nExecStart=/usr/local/bin/livekit-server --config /etc/livekit.yml\nRestart=on-failure\nRestartSec=10\nLimitNOFILE=65535\n\n[Install]\nWantedBy=multi-user.target\nSERVICE\n\nsystemctl daemon-reload\nsystemctl enable livekit\nsystemctl start livekit\n\necho \"LiveKit node listo\"\n",
            "min_cpu_platform": "",
            "name": "livekit-node-20260421042855888700000001",
            "name_prefix": "livekit-node-",
            "network_interface": [
              {
                "access_config": [],
                "alias_ip_range": [],
                "internal_ipv6_prefix_length": 0,
                "ipv6_access_config": [],
                "ipv6_access_type": "",
                "ipv6_address": "",
                "name": "nic0",
                "network": "https://www.googleapis.com/compute/v1/projects/project-0f0aa45c-bb59-45f2-9dc/global/networks/livekit-vpc",
                "network_ip": "",
                "nic_type": "",
                "queue_count": 0,
                "stack_type": "",
                "subnetwork": "https://www.googleapis.com/compute/v1/projects/project-0f0aa45c-bb59-45f2-9dc/regions/us-central1/subnetworks/livekit-subnet",
                "subnetwork_project": "project-0f0aa45c-bb59-45f2-9dc"
              }
            ],
            "network_performance_config": [],
            "project": "project-0f0aa45c-bb59-45f2-9dc",
            "region": "us-central1",
            "reservation_affinity": [],
            "resource_manager_tags": null,
            "resource_policies": null,
            "scheduling": [
              {
                "automatic_restart": true,
                "instance_termination_action": "",
                "local_ssd_recovery_timeout": [],
                "max_run_duration": [],
                "min_node_cpus": 0,
                "node_affinities": [],
                "on_host_maintenance": "MIGRATE",
                "on_instance_stop_action": [],
                "preemptible": false,
                "provisioning_model": "STANDARD"
              }
            ],
            "self_link": "https://www.googleapis.com/compute/v1/projects/project-0f0aa45c-bb59-45f2-9dc/global/instanceTemplates/livekit-node-20260421042855888700000001",
            "self_link_unique": "https://www.googleapis.com/compute/v1/projects/project-0f0aa45c-bb59-45f2-9dc/global/instanceTemplates/livekit-node-20260421042855888700000001?uniqueId=3312130850191786983",
            "service_account": [
              {
                "email": "livekit-node-sa@project-0f0aa45c-bb59-45f2-9dc.iam.gserviceaccount.com",
                "scopes": [
                  "https://www.googleapis.com/auth/cloud-platform"
                ]
              }
            ],
            "shielded_instance_config": [],
            "tags": [
              "livekit-node",
              "livekit-tcp",
              "livekit-udp"
            ],
            "tags_fingerprint": "",
            "terraform_labels": {
              "cluster": "connect-ph",
              "environment": "testing",
              "purpose": "livekit-node"
            },
            "timeouts": null
          },
          "sensitive_attributes": [
            [
              {
                "type": "get_attr",
                "value": "metadata_startup_script"
              }
            ]
          ],
          "identity_schema_version": 0,
          "private": "eyJlMmJmYjczMC1lY2FhLTExZTYtOGY4OC0zNDM2M2JjN2M0YzAiOnsiY3JlYXRlIjoyNDAwMDAwMDAwMDAsImRlbGV0ZSI6MjQwMDAwMDAwMDAwfSwic2NoZW1hX3ZlcnNpb24iOiIxIn0=",
          "dependencies": [
            "google_compute_network.livekit_vpc",
            "google_compute_subnetwork.livekit_subnet",
            "google_redis_instance.livekit_redis",
            "google_service_account.livekit_sa"
          ]
        }
      ]
    },
    {
      "mode": "managed",
      "type": "google_compute_network",
      "name": "livekit_vpc",
      "provider": "provider[\"registry.terraform.io/hashicorp/google\"]",
      "instances": [
        {
          "schema_version": 0,
          "attributes": {
            "auto_create_subnetworks": false,
            "delete_default_routes_on_create": false,
            "description": "",
            "enable_ula_internal_ipv6": false,
            "gateway_ipv4": "",
            "id": "projects/project-0f0aa45c-bb59-45f2-9dc/global/networks/livekit-vpc",
            "internal_ipv6_range": "",
            "mtu": 0,
            "name": "livekit-vpc",
            "network_firewall_policy_enforcement_order": "AFTER_CLASSIC_FIREWALL",
            "numeric_id": "7204053029246158199",
            "project": "project-0f0aa45c-bb59-45f2-9dc",
            "routing_mode": "REGIONAL",
            "self_link": "https://www.googleapis.com/compute/v1/projects/project-0f0aa45c-bb59-45f2-9dc/global/networks/livekit-vpc",
            "timeouts": null
          },
          "sensitive_attributes": [],
          "identity_schema_version": 0,
          "private": "eyJlMmJmYjczMC1lY2FhLTExZTYtOGY4OC0zNDM2M2JjN2M0YzAiOnsiY3JlYXRlIjoxMjAwMDAwMDAwMDAwLCJkZWxldGUiOjEyMDAwMDAwMDAwMDAsInVwZGF0ZSI6MTIwMDAwMDAwMDAwMH19"
        }
      ]
    },
    {
      "mode": "managed",
      "type": "google_compute_region_instance_group_manager",
      "name": "livekit_mig",
      "provider": "provider[\"registry.terraform.io/hashicorp/google\"]",
      "instances": [
        {
          "schema_version": 0,
          "attributes": {
            "all_instances_config": [],
            "auto_healing_policies": [],
            "base_instance_name": "livekit-node",
            "creation_timestamp": "2026-04-20T21:29:09.059-07:00",
            "description": "",
            "distribution_policy_target_shape": "EVEN",
            "distribution_policy_zones": [
              "us-central1-b",
              "us-central1-c",
              "us-central1-f"
            ],
            "fingerprint": "_S3HHOzLOCY=",
            "id": "projects/project-0f0aa45c-bb59-45f2-9dc/regions/us-central1/instanceGroupManagers/livekit-mig",
            "instance_group": "https://www.googleapis.com/compute/v1/projects/project-0f0aa45c-bb59-45f2-9dc/regions/us-central1/instanceGroups/livekit-mig",
            "instance_lifecycle_policy": [
              {
                "default_action_on_failure": "REPAIR",
                "force_update_on_repair": "NO"
              }
            ],
            "list_managed_instances_results": "PAGELESS",
            "name": "livekit-mig",
            "named_port": [
              {
                "name": "livekit-tcp",
                "port": 7880
              }
            ],
            "project": "project-0f0aa45c-bb59-45f2-9dc",
            "region": "us-central1",
            "self_link": "https://www.googleapis.com/compute/v1/projects/project-0f0aa45c-bb59-45f2-9dc/regions/us-central1/instanceGroupManagers/livekit-mig",
            "stateful_disk": [],
            "stateful_external_ip": [],
            "stateful_internal_ip": [],
            "status": [
              {
                "all_instances_config": [
                  {
                    "current_revision": "",
                    "effective": true
                  }
                ],
                "is_stable": true,
                "stateful": [
                  {
                    "has_stateful_config": false,
                    "per_instance_configs": [
                      {
                        "all_effective": true
                      }
                    ]
                  }
                ],
                "version_target": [
                  {
                    "is_reached": true
                  }
                ]
              }
            ],
            "target_pools": [],
            "target_size": 1,
            "timeouts": null,
            "update_policy": [
              {
                "instance_redistribution_type": "PROACTIVE",
                "max_surge_fixed": 3,
                "max_surge_percent": 0,
                "max_unavailable_fixed": 3,
                "max_unavailable_percent": 0,
                "minimal_action": "REPLACE",
                "most_disruptive_allowed_action": "",
                "replacement_method": "SUBSTITUTE",
                "type": "OPPORTUNISTIC"
              }
            ],
            "version": [
              {
                "instance_template": "https://www.googleapis.com/compute/v1/projects/project-0f0aa45c-bb59-45f2-9dc/global/instanceTemplates/livekit-node-20260421042855888700000001",
                "name": "primary",
                "target_size": []
              }
            ],
            "wait_for_instances": false,
            "wait_for_instances_status": "STABLE"
          },
          "sensitive_attributes": [],
          "identity_schema_version": 0,
          "private": "eyJlMmJmYjczMC1lY2FhLTExZTYtOGY4OC0zNDM2M2JjN2M0YzAiOnsiY3JlYXRlIjo5MDAwMDAwMDAwMDAsImRlbGV0ZSI6OTAwMDAwMDAwMDAwLCJ1cGRhdGUiOjkwMDAwMDAwMDAwMH19",
          "dependencies": [
            "google_compute_instance_template.livekit_node",
            "google_compute_network.livekit_vpc",
            "google_compute_subnetwork.livekit_subnet",
            "google_redis_instance.livekit_redis",
            "google_service_account.livekit_sa"
          ]
        }
      ]
    },
    {
      "mode": "managed",
      "type": "google_compute_resource_policy",
      "name": "livekit_schedule",
      "provider": "provider[\"registry.terraform.io/hashicorp/google\"]",
      "instances": [
        {
          "schema_version": 0,
          "attributes": {
            "description": "",
            "disk_consistency_group_policy": [],
            "group_placement_policy": [],
            "id": "projects/project-0f0aa45c-bb59-45f2-9dc/regions/us-central1/resourcePolicies/livekit-schedule",
            "instance_schedule_policy": [
              {
                "expiration_time": "",
                "start_time": "",
                "time_zone": "America/Bogota",
                "vm_start_schedule": [
                  {
                    "schedule": "0 8 * * *"
                  }
                ],
                "vm_stop_schedule": [
                  {
                    "schedule": "0 20 * * *"
                  }
                ]
              }
            ],
            "name": "livekit-schedule",
            "project": "project-0f0aa45c-bb59-45f2-9dc",
            "region": "us-central1",
            "self_link": "https://www.googleapis.com/compute/v1/projects/project-0f0aa45c-bb59-45f2-9dc/regions/us-central1/resourcePolicies/livekit-schedule",
            "snapshot_schedule_policy": [],
            "timeouts": null
          },
          "sensitive_attributes": [],
          "identity_schema_version": 0,
          "private": "eyJlMmJmYjczMC1lY2FhLTExZTYtOGY4OC0zNDM2M2JjN2M0YzAiOnsiY3JlYXRlIjoxMjAwMDAwMDAwMDAwLCJkZWxldGUiOjEyMDAwMDAwMDAwMDAsInVwZGF0ZSI6MTIwMDAwMDAwMDAwMH19"
        }
      ]
    },
    {
      "mode": "managed",
      "type": "google_compute_subnetwork",
      "name": "livekit_subnet",
      "provider": "provider[\"registry.terraform.io/hashicorp/google\"]",
      "instances": [
        {
          "schema_version": 0,
          "attributes": {
            "creation_timestamp": "2026-04-20T21:23:10.255-07:00",
            "description": "",
            "external_ipv6_prefix": "",
            "fingerprint": null,
            "gateway_address": "10.0.0.1",
            "id": "projects/project-0f0aa45c-bb59-45f2-9dc/regions/us-central1/subnetworks/livekit-subnet",
            "internal_ipv6_prefix": "",
            "ip_cidr_range": "10.0.0.0/24",
            "ipv6_access_type": "",
            "ipv6_cidr_range": "",
            "log_config": [],
            "name": "livekit-subnet",
            "network": "https://www.googleapis.com/compute/v1/projects/project-0f0aa45c-bb59-45f2-9dc/global/networks/livekit-vpc",
            "private_ip_google_access": true,
            "private_ipv6_google_access": "DISABLE_GOOGLE_ACCESS",
            "project": "project-0f0aa45c-bb59-45f2-9dc",
            "purpose": "PRIVATE",
            "region": "us-central1",
            "role": "",
            "secondary_ip_range": [],
            "self_link": "https://www.googleapis.com/compute/v1/projects/project-0f0aa45c-bb59-45f2-9dc/regions/us-central1/subnetworks/livekit-subnet",
            "send_secondary_ip_range_if_empty": null,
            "stack_type": "IPV4_ONLY",
            "timeouts": null
          },
          "sensitive_attributes": [],
          "identity_schema_version": 0,
          "private": "eyJlMmJmYjczMC1lY2FhLTExZTYtOGY4OC0zNDM2M2JjN2M0YzAiOnsiY3JlYXRlIjoxMjAwMDAwMDAwMDAwLCJkZWxldGUiOjEyMDAwMDAwMDAwMDAsInVwZGF0ZSI6MTIwMDAwMDAwMDAwMH19",
          "dependencies": [
            "google_compute_network.livekit_vpc"
          ]
        }
      ]
    },
    {
      "mode": "managed",
      "type": "google_compute_target_tcp_proxy",
      "name": "livekit_proxy",
      "provider": "provider[\"registry.terraform.io/hashicorp/google\"]",
      "instances": [
        {
          "schema_version": 0,
          "attributes": {
            "backend_service": "https://www.googleapis.com/compute/v1/projects/project-0f0aa45c-bb59-45f2-9dc/global/backendServices/livekit-backend",
            "creation_timestamp": "2026-04-20T21:31:14.659-07:00",
            "description": "",
            "id": "projects/project-0f0aa45c-bb59-45f2-9dc/global/targetTcpProxies/livekit-tcp-proxy",
            "name": "livekit-tcp-proxy",
            "project": "project-0f0aa45c-bb59-45f2-9dc",
            "proxy_bind": false,
            "proxy_header": "NONE",
            "proxy_id": 3467230301163045757,
            "self_link": "https://www.googleapis.com/compute/v1/projects/project-0f0aa45c-bb59-45f2-9dc/global/targetTcpProxies/livekit-tcp-proxy",
            "timeouts": null
          },
          "sensitive_attributes": [],
          "identity_schema_version": 0,
          "private": "eyJlMmJmYjczMC1lY2FhLTExZTYtOGY4OC0zNDM2M2JjN2M0YzAiOnsiY3JlYXRlIjoxMjAwMDAwMDAwMDAwLCJkZWxldGUiOjEyMDAwMDAwMDAwMDAsInVwZGF0ZSI6MTIwMDAwMDAwMDAwMH19",
          "dependencies": [
            "google_compute_backend_service.livekit_backend",
            "google_compute_health_check.livekit_tcp_health",
            "google_compute_instance_template.livekit_node",
            "google_compute_network.livekit_vpc",
            "google_compute_region_instance_group_manager.livekit_mig",
            "google_compute_subnetwork.livekit_subnet",
            "google_redis_instance.livekit_redis",
            "google_service_account.livekit_sa"
          ]
        }
      ]
    },
    {
      "mode": "managed",
      "type": "google_project_iam_member",
      "name": "livekit_sa_roles",
      "provider": "provider[\"registry.terraform.io/hashicorp/google\"]",
      "instances": [
        {
          "index_key": "roles/logging.logWriter",
          "schema_version": 0,
          "attributes": {
            "condition": [],
            "etag": "BwZQKrTU0VI=",
            "id": "project-0f0aa45c-bb59-45f2-9dc/roles/logging.logWriter/serviceAccount:livekit-node-sa@project-0f0aa45c-bb59-45f2-9dc.iam.gserviceaccount.com",
            "member": "serviceAccount:livekit-node-sa@project-0f0aa45c-bb59-45f2-9dc.iam.gserviceaccount.com",
            "project": "project-0f0aa45c-bb59-45f2-9dc",
            "role": "roles/logging.logWriter"
          },
          "sensitive_attributes": [],
          "identity_schema_version": 0,
          "private": "bnVsbA==",
          "dependencies": [
            "google_service_account.livekit_sa"
          ]
        },
        {
          "index_key": "roles/monitoring.viewer",
          "schema_version": 0,
          "attributes": {
            "condition": [],
            "etag": "BwZQKrTU0VI=",
            "id": "project-0f0aa45c-bb59-45f2-9dc/roles/monitoring.viewer/serviceAccount:livekit-node-sa@project-0f0aa45c-bb59-45f2-9dc.iam.gserviceaccount.com",
            "member": "serviceAccount:livekit-node-sa@project-0f0aa45c-bb59-45f2-9dc.iam.gserviceaccount.com",
            "project": "project-0f0aa45c-bb59-45f2-9dc",
            "role": "roles/monitoring.viewer"
          },
          "sensitive_attributes": [],
          "identity_schema_version": 0,
          "private": "bnVsbA==",
          "dependencies": [
            "google_service_account.livekit_sa"
          ]
        },
        {
          "index_key": "roles/redis.viewer",
          "schema_version": 0,
          "attributes": {
            "condition": [],
            "etag": "BwZQKrTU0VI=",
            "id": "project-0f0aa45c-bb59-45f2-9dc/roles/redis.viewer/serviceAccount:livekit-node-sa@project-0f0aa45c-bb59-45f2-9dc.iam.gserviceaccount.com",
            "member": "serviceAccount:livekit-node-sa@project-0f0aa45c-bb59-45f2-9dc.iam.gserviceaccount.com",
            "project": "project-0f0aa45c-bb59-45f2-9dc",
            "role": "roles/redis.viewer"
          },
          "sensitive_attributes": [],
          "identity_schema_version": 0,
          "private": "bnVsbA==",
          "dependencies": [
            "google_service_account.livekit_sa"
          ]
        }
      ]
    },
    {
      "mode": "managed",
      "type": "google_redis_instance",
      "name": "livekit_redis",
      "provider": "provider[\"registry.terraform.io/hashicorp/google\"]",
      "instances": [
        {
          "schema_version": 0,
          "attributes": {
            "alternative_location_id": "",
            "auth_enabled": false,
            "auth_string": "",
            "authorized_network": "projects/project-0f0aa45c-bb59-45f2-9dc/global/networks/livekit-vpc",
            "connect_mode": "DIRECT_PEERING",
            "create_time": "2026-04-21T04:23:11.026326319Z",
            "current_location_id": "us-central1-a",
            "customer_managed_key": "",
            "display_name": "",
            "effective_labels": {
              "environment": "testing",
              "purpose": "livekit-cluster"
            },
            "host": "10.232.97.91",
            "id": "projects/project-0f0aa45c-bb59-45f2-9dc/locations/us-central1/instances/livekit-redis",
            "labels": {
              "environment": "testing",
              "purpose": "livekit-cluster"
            },
            "location_id": "us-central1-a",
            "maintenance_policy": [],
            "maintenance_schedule": [],
            "maintenance_version": "20251007_00_00",
            "memory_size_gb": 1,
            "name": "livekit-redis",
            "nodes": [
              {
                "id": "node-0",
                "zone": "us-central1-a"
              }
            ],
            "persistence_config": [
              {
                "persistence_mode": "DISABLED",
                "rdb_next_snapshot_time": "",
                "rdb_snapshot_period": "",
                "rdb_snapshot_start_time": ""
              }
            ],
            "persistence_iam_identity": "serviceAccount:service-939729604301@cloud-redis.iam.gserviceaccount.com",
            "port": 6379,
            "project": "project-0f0aa45c-bb59-45f2-9dc",
            "read_endpoint": "",
            "read_endpoint_port": 0,
            "read_replicas_mode": "READ_REPLICAS_DISABLED",
            "redis_configs": {},
            "redis_version": "REDIS_6_X",
            "region": "us-central1",
            "replica_count": 0,
            "reserved_ip_range": null,
            "secondary_ip_range": "",
            "server_ca_certs": [],
            "terraform_labels": {
              "environment": "testing",
              "purpose": "livekit-cluster"
            },
            "tier": "BASIC",
            "timeouts": null,
            "transit_encryption_mode": "DISABLED"
          },
          "sensitive_attributes": [
            [
              {
                "type": "get_attr",
                "value": "auth_string"
              }
            ]
          ],
          "identity_schema_version": 0,
          "private": "eyJlMmJmYjczMC1lY2FhLTExZTYtOGY4OC0zNDM2M2JjN2M0YzAiOnsiY3JlYXRlIjoxMjAwMDAwMDAwMDAwLCJkZWxldGUiOjEyMDAwMDAwMDAwMDAsInVwZGF0ZSI6MTIwMDAwMDAwMDAwMH19",
          "dependencies": [
            "google_compute_network.livekit_vpc"
          ]
        }
      ]
    },
    {
      "mode": "managed",
      "type": "google_service_account",
      "name": "livekit_sa",
      "provider": "provider[\"registry.terraform.io/hashicorp/google\"]",
      "instances": [
        {
          "schema_version": 0,
          "attributes": {
            "account_id": "livekit-node-sa",
            "create_ignore_already_exists": null,
            "description": "",
            "disabled": false,
            "display_name": "LiveKit Node Service Account",
            "email": "livekit-node-sa@project-0f0aa45c-bb59-45f2-9dc.iam.gserviceaccount.com",
            "id": "projects/project-0f0aa45c-bb59-45f2-9dc/serviceAccounts/livekit-node-sa@project-0f0aa45c-bb59-45f2-9dc.iam.gserviceaccount.com",
            "member": "serviceAccount:livekit-node-sa@project-0f0aa45c-bb59-45f2-9dc.iam.gserviceaccount.com",
            "name": "projects/project-0f0aa45c-bb59-45f2-9dc/serviceAccounts/livekit-node-sa@project-0f0aa45c-bb59-45f2-9dc.iam.gserviceaccount.com",
            "project": "project-0f0aa45c-bb59-45f2-9dc",
            "timeouts": null,
            "unique_id": "105653829050599081742"
          },
          "sensitive_attributes": [],
          "identity_schema_version": 0,
          "private": "eyJlMmJmYjczMC1lY2FhLTExZTYtOGY4OC0zNDM2M2JjN2M0YzAiOnsiY3JlYXRlIjozMDAwMDAwMDAwMDB9fQ=="
        }
      ]
    }
  ],
  "check_results": null
}
